
Microsoft Visual Studio Solution File, Format Version 12.00
# Visual Studio Version 17
VisualStudioVersion = 17.9.34714.143
MinimumVisualStudioVersion = 10.0.40219.1
Project("{FAE04EC0-301F-11D3-BF4B-00C04F79EFBC}") = "3CXCallReporterLast", "3CXCallReporterLast\3CXCallReporterLast.csproj", "{E56264D0-D528-41BF-B277-41ACC4414465}"
EndProject
Global
	GlobalSection(SolutionConfigurationPlatforms) = preSolution
		Debug|Any CPU = Debug|Any CPU
		Release|Any CPU = Release|Any CPU
	EndGlobalSection
	GlobalSection(ProjectConfigurationPlatforms) = postSolution
		{E56264D0-D528-41BF-B277-41ACC4414465}.Debug|Any CPU.ActiveCfg = Debug|Any CPU
		{E56264D0-D528-41BF-B277-41ACC4414465}.Debug|Any CPU.Build.0 = Debug|Any CPU
		{E56264D0-D528-41BF-B277-41ACC4414465}.Release|Any CPU.ActiveCfg = Release|Any CPU
		{E56264D0-D528-41BF-B277-41ACC4414465}.Release|Any CPU.Build.0 = Release|Any CPU
	EndGlobalSection
	GlobalSection(SolutionProperties) = preSolution
		HideSolutionNode = FALSE
	EndGlobalSection
	GlobalSection(ExtensibilityGlobals) = postSolution
		SolutionGuid = {47A5362A-C471-4293-9BA8-2BFA7C43B5BA}
	EndGlobalSection
EndGlobal
